version = 2

[[skills]]
name = "ai-native-sdlc"
source = "skills/ai-native-sdlc"
sha256 = "129d91f16c0157041eda9a3c278dd8784d80ab2ee293748e3e44d945146b5e21"

[[skills]]
name = "ce-commit-push-pr"
source = "https://github.com/everyinc/compound-engineering-plugin.git"
revision = "4fbabcd32b6ca7d8ebb82f15840fe34ef7562a64"
path = "skills/ce-commit-push-pr"
sha256 = "f2c625f7279b8e85e3eb77667d3b1fbb426e163140309069c703adb288778991"

[[skills]]
name = "eli5"
source = "https://github.com/dreambigou/eli5.git"
revision = "a766623b062331fdde53467001379b4ddf3acc2f"
path = "skills/eli5"
sha256 = "aa7d936e4e5762729dbb65a13cd88eff1ad814f3ae9cefcfab9f10db14385d00"

[[skills]]
name = "epistemic-matrix"
source = "https://github.com/eddiebelaval/squire.git"
revision = "b5eea39086d4fa898eefd732430fe43dc0602e33"
path = "skills/epistemic-matrix"
sha256 = "bce355e60ed6c1439076b457d680e3fb609b84543327a62e26b6d88beaa01e2c"

[[skills]]
name = "interrogate"
source = "skills/interrogate"
sha256 = "73f1ba959e0dabaeee68eb3e294d3594405cb1dbba3c178b82f6f45f57ee74f9"

[[skills]]
name = "manage-tink"
source = "tink:embedded/manage-tink"
sha256 = "71174d54ad4fb049e266cc41ff1dd9eb1fd02b4ff9636d6496ee5eab6bb4820c"

[[skills]]
name = "skill-cleaner"
source = "https://github.com/ilamanov/skills.git"
revision = "eaa0b453567dc4c804feeda4d366bda560fedf66"
path = "skills/skill-cleaner"
sha256 = "b4ce2018a9131fc0114c97aea11da8ca1f458f350d23cdb2d6c3bb7de8417dcf"

[[skills]]
name = "skill-gate"
source = "skills/skill-gate"
sha256 = "9b4a2c1d9baa61cf40795e6abfaa00741ce4ed2226bf8a04988df820f5618d7b"

[[skills]]
name = "skill-scout"
source = "skills/skill-scout"
sha256 = "295e79e4a7b9c2c26e42ad7173df819225e140563e2a425ff0330b4e296fdf96"
